
Microsoft Visual Studio Solution File, Format Version 12.00
# Visual Studio Version 16
VisualStudioVersion = 16.0.31019.35
MinimumVisualStudioVersion = 10.0.40219.1
Project("{FAE04EC0-301F-11D3-BF4B-00C04F79EFBC}") = "seminar2.0.UWP", "seminar2.0\seminar2.0.UWP\seminar2.0.UWP.csproj", "{7C04C3C7-4262-4F47-9003-78F69387DD9F}"
EndProject
Project("{FAE04EC0-301F-11D3-BF4B-00C04F79EFBC}") = "seminar2.0.Android", "seminar2.0\seminar2.0.Android\seminar2.0.Android.csproj", "{3F426D97-8714-4160-AF90-D698BCCC9911}"
EndProject
Project("{FAE04EC0-301F-11D3-BF4B-00C04F79EFBC}") = "seminar2.0.iOS", "seminar2.0\seminar2.0.iOS\seminar2.0.iOS.csproj", "{90A3C781-93FC-4444-8207-0D0FDDDF876D}"
EndProject
Project("{FAE04EC0-301F-11D3-BF4B-00C04F79EFBC}") = "seminar2", "seminar2.0\seminar2.0\seminar2.csproj", "{83062FC5-0AA3-430F-9D79-5992F78D7011}"
EndProject
Global
	GlobalSection(SolutionConfigurationPlatforms) = preSolution
		Debug|Any CPU = Debug|Any CPU
		Debug|ARM = Debug|ARM
		Debug|iPhone = Debug|iPhone
		Debug|iPhoneSimulator = Debug|iPhoneSimulator
		Debug|x64 = Debug|x64
		Debug|x86 = Debug|x86
		Release|Any CPU = Release|Any CPU
		Release|ARM = Release|ARM
		Release|iPhone = Release|iPhone
		Release|iPhoneSimulator = Release|iPhoneSimulator
		Release|x64 = Release|x64
		Release|x86 = Release|x86
	EndGlobalSection
	GlobalSection(ProjectConfigurationPlatforms) = postSolution
		{7C04C3C7-4262-4F47-9003-78F69387DD9F}.Debug|Any CPU.ActiveCfg = Debug|x86
		{7C04C3C7-4262-4F47-9003-78F69387DD9F}.Debug|Any CPU.Build.0 = Debug|x86
		{7C04C3C7-4262-4F47-9003-78F69387DD9F}.Debug|Any CPU.Deploy.0 = Debug|x86
		{7C04C3C7-4262-4F47-9003-78F69387DD9F}.Debug|ARM.ActiveCfg = Debug|ARM
		{7C04C3C7-4262-4F47-9003-78F69387DD9F}.Debug|ARM.Build.0 = Debug|ARM
		{7C04C3C7-4262-4F47-9003-78F69387DD9F}.Debug|ARM.Deploy.0 = Debug|ARM
		{7C04C3C7-4262-4F47-9003-78F69387DD9F}.Debug|iPhone.ActiveCfg = Debug|x86
		{7C04C3C7-4262-4F47-9003-78F69387DD9F}.Debug|iPhone.Build.0 = Debug|x86
		{7C04C3C7-4262-4F47-9003-78F69387DD9F}.Debug|iPhone.Deploy.0 = Debug|x86
		{7C04C3C7-4262-4F47-9003-78F69387DD9F}.Debug|iPhoneSimulator.ActiveCfg = Debug|x86
		{7C04C3C7-4262-4F47-9003-78F69387DD9F}.Debug|iPhoneSimulator.Build.0 = Debug|x86
		{7C04C3C7-4262-4F47-9003-78F69387DD9F}.Debug|iPhoneSimulator.Deploy.0 = Debug|x86
		{7C04C3C7-4262-4F47-9003-78F69387DD9F}.Debug|x64.ActiveCfg = Debug|x64
		{7C04C3C7-4262-4F47-9003-78F69387DD9F}.Debug|x64.Build.0 = Debug|x64
		{7C04C3C7-4262-4F47-9003-78F69387DD9F}.Debug|x64.Deploy.0 = Debug|x64
		{7C04C3C7-4262-4F47-9003-78F69387DD9F}.Debug|x86.ActiveCfg = Debug|x86
		{7C04C3C7-4262-4F47-9003-78F69387DD9F}.Debug|x86.Build.0 = Debug|x86
		{7C04C3C7-4262-4F47-9003-78F69387DD9F}.Debug|x86.Deploy.0 = Debug|x86
		{7C04C3C7-4262-4F47-9003-78F69387DD9F}.Release|Any CPU.ActiveCfg = Release|x86
		{7C04C3C7-4262-4F47-9003-78F69387DD9F}.Release|Any CPU.Build.0 = Release|x86
		{7C04C3C7-4262-4F47-9003-78F69387DD9F}.Release|Any CPU.Deploy.0 = Release|x86
		{7C04C3C7-4262-4F47-9003-78F69387DD9F}.Release|ARM.ActiveCfg = Release|ARM
		{7C04C3C7-4262-4F47-9003-78F69387DD9F}.Release|ARM.Build.0 = Release|ARM
		{7C04C3C7-4262-4F47-9003-78F69387DD9F}.Release|ARM.Deploy.0 = Release|ARM
		{7C04C3C7-4262-4F47-9003-78F69387DD9F}.Release|iPhone.ActiveCfg = Release|x86
		{7C04C3C7-4262-4F47-9003-78F69387DD9F}.Release|iPhone.Build.0 = Release|x86
		{7C04C3C7-4262-4F47-9003-78F69387DD9F}.Release|iPhone.Deploy.0 = Release|x86
		{7C04C3C7-4262-4F47-9003-78F69387DD9F}.Release|iPhoneSimulator.ActiveCfg = Release|x86
		{7C04C3C7-4262-4F47-9003-78F69387DD9F}.Release|iPhoneSimulator.Build.0 = Release|x86
		{7C04C3C7-4262-4F47-9003-78F69387DD9F}.Release|iPhoneSimulator.Deploy.0 = Release|x86
		{7C04C3C7-4262-4F47-9003-78F69387DD9F}.Release|x64.ActiveCfg = Release|x64
		{7C04C3C7-4262-4F47-9003-78F69387DD9F}.Release|x64.Build.0 = Release|x64
		{7C04C3C7-4262-4F47-9003-78F69387DD9F}.Release|x64.Deploy.0 = Release|x64
		{7C04C3C7-4262-4F47-9003-78F69387DD9F}.Release|x86.ActiveCfg = Release|x86
		{7C04C3C7-4262-4F47-9003-78F69387DD9F}.Release|x86.Build.0 = Release|x86
		{7C04C3C7-4262-4F47-9003-78F69387DD9F}.Release|x86.Deploy.0 = Release|x86
		{3F426D97-8714-4160-AF90-D698BCCC9911}.Debug|Any CPU.ActiveCfg = Debug|Any CPU
		{3F426D97-8714-4160-AF90-D698BCCC9911}.Debug|Any CPU.Build.0 = Debug|Any CPU
		{3F426D97-8714-4160-AF90-D698BCCC9911}.Debug|Any CPU.Deploy.0 = Debug|Any CPU
		{3F426D97-8714-4160-AF90-D698BCCC9911}.Debug|ARM.ActiveCfg = Debug|Any CPU
		{3F426D97-8714-4160-AF90-D698BCCC9911}.Debug|ARM.Build.0 = Debug|Any CPU
		{3F426D97-8714-4160-AF90-D698BCCC9911}.Debug|ARM.Deploy.0 = Debug|Any CPU
		{3F426D97-8714-4160-AF90-D698BCCC9911}.Debug|iPhone.ActiveCfg = Debug|Any CPU
		{3F426D97-8714-4160-AF90-D698BCCC9911}.Debug|iPhone.Build.0 = Debug|Any CPU
		{3F426D97-8714-4160-AF90-D698BCCC9911}.Debug|iPhone.Deploy.0 = Debug|Any CPU
		{3F426D97-8714-4160-AF90-D698BCCC9911}.Debug|iPhoneSimulator.ActiveCfg = Debug|Any CPU
		{3F426D97-8714-4160-AF90-D698BCCC9911}.Debug|iPhoneSimulator.Build.0 = Debug|Any CPU
		{3F426D97-8714-4160-AF90-D698BCCC9911}.Debug|iPhoneSimulator.Deploy.0 = Debug|Any CPU
		{3F426D97-8714-4160-AF90-D698BCCC9911}.Debug|x64.ActiveCfg = Debug|Any CPU
		{3F426D97-8714-4160-AF90-D698BCCC9911}.Debug|x64.Build.0 = Debug|Any CPU
		{3F426D97-8714-4160-AF90-D698BCCC9911}.Debug|x64.Deploy.0 = Debug|Any CPU
		{3F426D97-8714-4160-AF90-D698BCCC9911}.Debug|x86.ActiveCfg = Debug|Any CPU
		{3F426D97-8714-4160-AF90-D698BCCC9911}.Debug|x86.Build.0 = Debug|Any CPU
		{3F426D97-8714-4160-AF90-D698BCCC9911}.Debug|x86.Deploy.0 = Debug|Any CPU
		{3F426D97-8714-4160-AF90-D698BCCC9911}.Release|Any CPU.ActiveCfg = Release|Any CPU
		{3F426D97-8714-4160-AF90-D698BCCC9911}.Release|Any CPU.Build.0 = Release|Any CPU
		{3F426D97-8714-4160-AF90-D698BCCC9911}.Release|Any CPU.Deploy.0 = Release|Any CPU
		{3F426D97-8714-4160-AF90-D698BCCC9911}.Release|ARM.ActiveCfg = Release|Any CPU
		{3F426D97-8714-4160-AF90-D698BCCC9911}.Release|ARM.Build.0 = Release|Any CPU
		{3F426D97-8714-4160-AF90-D698BCCC9911}.Release|ARM.Deploy.0 = Release|Any CPU
		{3F426D97-8714-4160-AF90-D698BCCC9911}.Release|iPhone.ActiveCfg = Release|Any CPU
		{3F426D97-8714-4160-AF90-D698BCCC9911}.Release|iPhone.Build.0 = Release|Any CPU
		{3F426D97-8714-4160-AF90-D698BCCC9911}.Release|iPhone.Deploy.0 = Release|Any CPU
		{3F426D97-8714-4160-AF90-D698BCCC9911}.Release|iPhoneSimulator.ActiveCfg = Release|Any CPU
		{3F426D97-8714-4160-AF90-D698BCCC9911}.Release|iPhoneSimulator.Build.0 = Release|Any CPU
		{3F426D97-8714-4160-AF90-D698BCCC9911}.Release|iPhoneSimulator.Deploy.0 = Release|Any CPU
		{3F426D97-8714-4160-AF90-D698BCCC9911}.Release|x64.ActiveCfg = Release|Any CPU
		{3F426D97-8714-4160-AF90-D698BCCC9911}.Release|x64.Build.0 = Release|Any CPU
		{3F426D97-8714-4160-AF90-D698BCCC9911}.Release|x64.Deploy.0 = Release|Any CPU
		{3F426D97-8714-4160-AF90-D698BCCC9911}.Release|x86.ActiveCfg = Release|Any CPU
		{3F426D97-8714-4160-AF90-D698BCCC9911}.Release|x86.Build.0 = Release|Any CPU
		{3F426D97-8714-4160-AF90-D698BCCC9911}.Release|x86.Deploy.0 = Release|Any CPU
		{90A3C781-93FC-4444-8207-0D0FDDDF876D}.Debug|Any CPU.ActiveCfg = Debug|iPhoneSimulator
		{90A3C781-93FC-4444-8207-0D0FDDDF876D}.Debug|Any CPU.Build.0 = Debug|iPhoneSimulator
		{90A3C781-93FC-4444-8207-0D0FDDDF876D}.Debug|Any CPU.Deploy.0 = Debug|iPhoneSimulator
		{90A3C781-93FC-4444-8207-0D0FDDDF876D}.Debug|ARM.ActiveCfg = Debug|iPhone
		{90A3C781-93FC-4444-8207-0D0FDDDF876D}.Debug|ARM.Build.0 = Debug|iPhone
		{90A3C781-93FC-4444-8207-0D0FDDDF876D}.Debug|ARM.Deploy.0 = Debug|iPhone
		{90A3C781-93FC-4444-8207-0D0FDDDF876D}.Debug|iPhone.ActiveCfg = Debug|iPhone
		{90A3C781-93FC-4444-8207-0D0FDDDF876D}.Debug|iPhone.Build.0 = Debug|iPhone
		{90A3C781-93FC-4444-8207-0D0FDDDF876D}.Debug|iPhone.Deploy.0 = Debug|iPhone
		{90A3C781-93FC-4444-8207-0D0FDDDF876D}.Debug|iPhoneSimulator.ActiveCfg = Debug|iPhoneSimulator
		{90A3C781-93FC-4444-8207-0D0FDDDF876D}.Debug|iPhoneSimulator.Build.0 = Debug|iPhoneSimulator
		{90A3C781-93FC-4444-8207-0D0FDDDF876D}.Debug|iPhoneSimulator.Deploy.0 = Debug|iPhoneSimulator
		{90A3C781-93FC-4444-8207-0D0FDDDF876D}.Debug|x64.ActiveCfg = Debug|iPhoneSimulator
		{90A3C781-93FC-4444-8207-0D0FDDDF876D}.Debug|x64.Build.0 = Debug|iPhoneSimulator
		{90A3C781-93FC-4444-8207-0D0FDDDF876D}.Debug|x64.Deploy.0 = Debug|iPhoneSimulator
		{90A3C781-93FC-4444-8207-0D0FDDDF876D}.Debug|x86.ActiveCfg = Debug|iPhoneSimulator
		{90A3C781-93FC-4444-8207-0D0FDDDF876D}.Debug|x86.Build.0 = Debug|iPhoneSimulator
		{90A3C781-93FC-4444-8207-0D0FDDDF876D}.Debug|x86.Deploy.0 = Debug|iPhoneSimulator
		{90A3C781-93FC-4444-8207-0D0FDDDF876D}.Release|Any CPU.ActiveCfg = Release|iPhoneSimulator
		{90A3C781-93FC-4444-8207-0D0FDDDF876D}.Release|Any CPU.Build.0 = Release|iPhoneSimulator
		{90A3C781-93FC-4444-8207-0D0FDDDF876D}.Release|Any CPU.Deploy.0 = Release|iPhoneSimulator
		{90A3C781-93FC-4444-8207-0D0FDDDF876D}.Release|ARM.ActiveCfg = Release|iPhoneSimulator
		{90A3C781-93FC-4444-8207-0D0FDDDF876D}.Release|ARM.Build.0 = Release|iPhoneSimulator
		{90A3C781-93FC-4444-8207-0D0FDDDF876D}.Release|ARM.Deploy.0 = Release|iPhoneSimulator
		{90A3C781-93FC-4444-8207-0D0FDDDF876D}.Release|iPhone.ActiveCfg = Release|iPhone
		{90A3C781-93FC-4444-8207-0D0FDDDF876D}.Release|iPhone.Build.0 = Release|iPhone
		{90A3C781-93FC-4444-8207-0D0FDDDF876D}.Release|iPhone.Deploy.0 = Release|iPhone
		{90A3C781-93FC-4444-8207-0D0FDDDF876D}.Release|iPhoneSimulator.ActiveCfg = Release|iPhoneSimulator
		{90A3C781-93FC-4444-8207-0D0FDDDF876D}.Release|iPhoneSimulator.Build.0 = Release|iPhoneSimulator
		{90A3C781-93FC-4444-8207-0D0FDDDF876D}.Release|iPhoneSimulator.Deploy.0 = Release|iPhoneSimulator
		{90A3C781-93FC-4444-8207-0D0FDDDF876D}.Release|x64.ActiveCfg = Release|iPhoneSimulator
		{90A3C781-93FC-4444-8207-0D0FDDDF876D}.Release|x64.Build.0 = Release|iPhoneSimulator
		{90A3C781-93FC-4444-8207-0D0FDDDF876D}.Release|x64.Deploy.0 = Release|iPhoneSimulator
		{90A3C781-93FC-4444-8207-0D0FDDDF876D}.Release|x86.ActiveCfg = Release|iPhoneSimulator
		{90A3C781-93FC-4444-8207-0D0FDDDF876D}.Release|x86.Build.0 = Release|iPhoneSimulator
		{90A3C781-93FC-4444-8207-0D0FDDDF876D}.Release|x86.Deploy.0 = Release|iPhoneSimulator
		{83062FC5-0AA3-430F-9D79-5992F78D7011}.Debug|Any CPU.ActiveCfg = Debug|Any CPU
		{83062FC5-0AA3-430F-9D79-5992F78D7011}.Debug|Any CPU.Build.0 = Debug|Any CPU
		{83062FC5-0AA3-430F-9D79-5992F78D7011}.Debug|Any CPU.Deploy.0 = Debug|Any CPU
		{83062FC5-0AA3-430F-9D79-5992F78D7011}.Debug|ARM.ActiveCfg = Debug|Any CPU
		{83062FC5-0AA3-430F-9D79-5992F78D7011}.Debug|ARM.Build.0 = Debug|Any CPU
		{83062FC5-0AA3-430F-9D79-5992F78D7011}.Debug|ARM.Deploy.0 = Debug|Any CPU
		{83062FC5-0AA3-430F-9D79-5992F78D7011}.Debug|iPhone.ActiveCfg = Debug|Any CPU
		{83062FC5-0AA3-430F-9D79-5992F78D7011}.Debug|iPhone.Build.0 = Debug|Any CPU
		{83062FC5-0AA3-430F-9D79-5992F78D7011}.Debug|iPhone.Deploy.0 = Debug|Any CPU
		{83062FC5-0AA3-430F-9D79-5992F78D7011}.Debug|iPhoneSimulator.ActiveCfg = Debug|Any CPU
		{83062FC5-0AA3-430F-9D79-5992F78D7011}.Debug|iPhoneSimulator.Build.0 = Debug|Any CPU
		{83062FC5-0AA3-430F-9D79-5992F78D7011}.Debug|iPhoneSimulator.Deploy.0 = Debug|Any CPU
		{83062FC5-0AA3-430F-9D79-5992F78D7011}.Debug|x64.ActiveCfg = Debug|Any CPU
		{83062FC5-0AA3-430F-9D79-5992F78D7011}.Debug|x64.Build.0 = Debug|Any CPU
		{83062FC5-0AA3-430F-9D79-5992F78D7011}.Debug|x64.Deploy.0 = Debug|Any CPU
		{83062FC5-0AA3-430F-9D79-5992F78D7011}.Debug|x86.ActiveCfg = Debug|Any CPU
		{83062FC5-0AA3-430F-9D79-5992F78D7011}.Debug|x86.Build.0 = Debug|Any CPU
		{83062FC5-0AA3-430F-9D79-5992F78D7011}.Debug|x86.Deploy.0 = Debug|Any CPU
		{83062FC5-0AA3-430F-9D79-5992F78D7011}.Release|Any CPU.ActiveCfg = Release|Any CPU
		{83062FC5-0AA3-430F-9D79-5992F78D7011}.Release|Any CPU.Build.0 = Release|Any CPU
		{83062FC5-0AA3-430F-9D79-5992F78D7011}.Release|Any CPU.Deploy.0 = Release|Any CPU
		{83062FC5-0AA3-430F-9D79-5992F78D7011}.Release|ARM.ActiveCfg = Release|Any CPU
		{83062FC5-0AA3-430F-9D79-5992F78D7011}.Release|ARM.Build.0 = Release|Any CPU
		{83062FC5-0AA3-430F-9D79-5992F78D7011}.Release|ARM.Deploy.0 = Release|Any CPU
		{83062FC5-0AA3-430F-9D79-5992F78D7011}.Release|iPhone.ActiveCfg = Release|Any CPU
		{83062FC5-0AA3-430F-9D79-5992F78D7011}.Release|iPhone.Build.0 = Release|Any CPU
		{83062FC5-0AA3-430F-9D79-5992F78D7011}.Release|iPhone.Deploy.0 = Release|Any CPU
		{83062FC5-0AA3-430F-9D79-5992F78D7011}.Release|iPhoneSimulator.ActiveCfg = Release|Any CPU
		{83062FC5-0AA3-430F-9D79-5992F78D7011}.Release|iPhoneSimulator.Build.0 = Release|Any CPU
		{83062FC5-0AA3-430F-9D79-5992F78D7011}.Release|iPhoneSimulator.Deploy.0 = Release|Any CPU
		{83062FC5-0AA3-430F-9D79-5992F78D7011}.Release|x64.ActiveCfg = Release|Any CPU
		{83062FC5-0AA3-430F-9D79-5992F78D7011}.Release|x64.Build.0 = Release|Any CPU
		{83062FC5-0AA3-430F-9D79-5992F78D7011}.Release|x64.Deploy.0 = Release|Any CPU
		{83062FC5-0AA3-430F-9D79-5992F78D7011}.Release|x86.ActiveCfg = Release|Any CPU
		{83062FC5-0AA3-430F-9D79-5992F78D7011}.Release|x86.Build.0 = Release|Any CPU
		{83062FC5-0AA3-430F-9D79-5992F78D7011}.Release|x86.Deploy.0 = Release|Any CPU
	EndGlobalSection
	GlobalSection(SolutionProperties) = preSolution
		HideSolutionNode = FALSE
	EndGlobalSection
	GlobalSection(ExtensibilityGlobals) = postSolution
		SolutionGuid = {19AFA895-D5EE-4AC2-B303-2509F12B1017}
	EndGlobalSection
EndGlobal
